
Microsoft Visual Studio Solution File, Format Version 12.00
# Visual Studio Version 17
VisualStudioVersion = 17.7.34031.279
MinimumVisualStudioVersion = 10.0.40219.1
Project("{888888A0-9F3D-457C-B088-3A5042F75D52}") = "CoC_FarmingElixer_rightscreen", "CoC_FarmingElixer_rightscreen\CoC_FarmingElixer_rightscreen.pyproj", "{2386D623-0549-446C-9DD0-A395921229AF}"
EndProject
Global
	GlobalSection(SolutionConfigurationPlatforms) = preSolution
		Debug|Any CPU = Debug|Any CPU
		Release|Any CPU = Release|Any CPU
	EndGlobalSection
	GlobalSection(ProjectConfigurationPlatforms) = postSolution
		{2386D623-0549-446C-9DD0-A395921229AF}.Debug|Any CPU.ActiveCfg = Debug|Any CPU
		{2386D623-0549-446C-9DD0-A395921229AF}.Release|Any CPU.ActiveCfg = Release|Any CPU
	EndGlobalSection
	GlobalSection(SolutionProperties) = preSolution
		HideSolutionNode = FALSE
	EndGlobalSection
	GlobalSection(ExtensibilityGlobals) = postSolution
		SolutionGuid = {5F219DAD-7E48-4220-89F8-3A88EDA7FECF}
	EndGlobalSection
EndGlobal
